// !$*UTF8*$!
{
	archiveVersion = 1;
	classes = {
	};
	objectVersion = 50;
	objects = {

/* Begin PBXBuildFile section */
		CE4191FC20B451A50039BD7E /* WebkitViewTestController.swift in Sources */ = {isa = PBXBuildFile; fileRef = CE4191FB20B451A50039BD7E /* WebkitViewTestController.swift */; };
		CE4D6ADA20AC356B0027691D /* RowItem.swift in Sources */ = {isa = PBXBuildFile; fileRef = CE4D6AD920AC356B0027691D /* RowItem.swift */; };
		CE4D6AE020AC5FE20027691D /* UIImageVIewExtension.swift in Sources */ = {isa = PBXBuildFile; fileRef = CE4D6ADF20AC5FE20027691D /* UIImageVIewExtension.swift */; };
		CE5A577120B5016F0034D973 /* NSLineBreakModeExtension.swift in Sources */ = {isa = PBXBuildFile; fileRef = CE5A577020B5016F0034D973 /* NSLineBreakModeExtension.swift */; };
		CE81EA2A20ADAA9B00A8E11B /* Scenes.swift in Sources */ = {isa = PBXBuildFile; fileRef = CE81EA2920ADAA9B00A8E11B /* Scenes.swift */; };
		CE81EA2D20AE676200A8E11B /* CollectionCellLabelItem.swift in Sources */ = {isa = PBXBuildFile; fileRef = CE81EA2C20AE676200A8E11B /* CollectionCellLabelItem.swift */; };
		CE81EA2F20AE68B500A8E11B /* CollectionCellImageItem.swift in Sources */ = {isa = PBXBuildFile; fileRef = CE81EA2E20AE68B500A8E11B /* CollectionCellImageItem.swift */; };
		CE81EA3320AEFC3500A8E11B /* CollectionTestController.swift in Sources */ = {isa = PBXBuildFile; fileRef = CE81EA3220AEFC3500A8E11B /* CollectionTestController.swift */; };
		CE81EA3520AF185700A8E11B /* StackViewTestController.swift in Sources */ = {isa = PBXBuildFile; fileRef = CE81EA3420AF185700A8E11B /* StackViewTestController.swift */; };
		CE81EA3720AF32DC00A8E11B /* ScrollViewTestController.swift in Sources */ = {isa = PBXBuildFile; fileRef = CE81EA3620AF32DC00A8E11B /* ScrollViewTestController.swift */; };
		CE9D094920B7146400DDA315 /* NavigationBarTestController.swift in Sources */ = {isa = PBXBuildFile; fileRef = CE9D094820B7146400DDA315 /* NavigationBarTestController.swift */; };
		CE9D094B20B83FFB00DDA315 /* SearchBarTestController.swift in Sources */ = {isa = PBXBuildFile; fileRef = CE9D094A20B83FFB00DDA315 /* SearchBarTestController.swift */; };
		CE9D094D20B85E9F00DDA315 /* TabbarTestController.swift in Sources */ = {isa = PBXBuildFile; fileRef = CE9D094C20B85E9F00DDA315 /* TabbarTestController.swift */; };
		CEAAD23E20B4644A007E12AA /* LabelTextFieldTestController.swift in Sources */ = {isa = PBXBuildFile; fileRef = CEAAD23D20B4644A007E12AA /* LabelTextFieldTestController.swift */; };
		CEAE90BF20ABBECA00A42A34 /* AppDelegate.swift in Sources */ = {isa = PBXBuildFile; fileRef = CEAE90BE20ABBECA00A42A34 /* AppDelegate.swift */; };
		CEAE90C120ABBECA00A42A34 /* TableViewController.swift in Sources */ = {isa = PBXBuildFile; fileRef = CEAE90C020ABBECA00A42A34 /* TableViewController.swift */; };
		CEAE90C420ABBECA00A42A34 /* Main.storyboard in Resources */ = {isa = PBXBuildFile; fileRef = CEAE90C220ABBECA00A42A34 /* Main.storyboard */; };
		CEAE90C620ABBECC00A42A34 /* Assets.xcassets in Resources */ = {isa = PBXBuildFile; fileRef = CEAE90C520ABBECC00A42A34 /* Assets.xcassets */; };
		CEAE90C920ABBECC00A42A34 /* LaunchScreen.storyboard in Resources */ = {isa = PBXBuildFile; fileRef = CEAE90C720ABBECC00A42A34 /* LaunchScreen.storyboard */; };
		F9C562ABDBEFA5D2B2E66A76 /* Pods_HelloWorld.framework in Frameworks */ = {isa = PBXBuildFile; fileRef = 596F066F1F19B6964557A937 /* Pods_HelloWorld.framework */; };
/* End PBXBuildFile section */

/* Begin PBXFileReference section */
		4FC7963572D32872F268174C /* Pods-HelloWorld.release.xcconfig */ = {isa = PBXFileReference; includeInIndex = 1; lastKnownFileType = text.xcconfig; name = "Pods-HelloWorld.release.xcconfig"; path = "Pods/Target Support Files/Pods-HelloWorld/Pods-HelloWorld.release.xcconfig"; sourceTree = "<group>"; };
		596F066F1F19B6964557A937 /* Pods_HelloWorld.framework */ = {isa = PBXFileReference; explicitFileType = wrapper.framework; includeInIndex = 0; path = Pods_HelloWorld.framework; sourceTree = BUILT_PRODUCTS_DIR; };
		7E17A1353EA441A142ADECB7 /* Pods-HelloWorld.debug.xcconfig */ = {isa = PBXFileReference; includeInIndex = 1; lastKnownFileType = text.xcconfig; name = "Pods-HelloWorld.debug.xcconfig"; path = "Pods/Target Support Files/Pods-HelloWorld/Pods-HelloWorld.debug.xcconfig"; sourceTree = "<group>"; };
		CE4191FB20B451A50039BD7E /* WebkitViewTestController.swift */ = {isa = PBXFileReference; lastKnownFileType = sourcecode.swift; path = WebkitViewTestController.swift; sourceTree = "<group>"; };
		CE4D6AD920AC356B0027691D /* RowItem.swift */ = {isa = PBXFileReference; lastKnownFileType = sourcecode.swift; path = RowItem.swift; sourceTree = "<group>"; };
		CE4D6ADF20AC5FE20027691D /* UIImageVIewExtension.swift */ = {isa = PBXFileReference; lastKnownFileType = sourcecode.swift; path = UIImageVIewExtension.swift; sourceTree = "<group>"; };
		CE5A577020B5016F0034D973 /* NSLineBreakModeExtension.swift */ = {isa = PBXFileReference; lastKnownFileType = sourcecode.swift; path = NSLineBreakModeExtension.swift; sourceTree = "<group>"; };
		CE81EA2920ADAA9B00A8E11B /* Scenes.swift */ = {isa = PBXFileReference; lastKnownFileType = sourcecode.swift; path = Scenes.swift; sourceTree = "<group>"; };
		CE81EA2C20AE676200A8E11B /* CollectionCellLabelItem.swift */ = {isa = PBXFileReference; lastKnownFileType = sourcecode.swift; path = CollectionCellLabelItem.swift; sourceTree = "<group>"; };
		CE81EA2E20AE68B500A8E11B /* CollectionCellImageItem.swift */ = {isa = PBXFileReference; lastKnownFileType = sourcecode.swift; path = CollectionCellImageItem.swift; sourceTree = "<group>"; };
		CE81EA3220AEFC3500A8E11B /* CollectionTestController.swift */ = {isa = PBXFileReference; lastKnownFileType = sourcecode.swift; path = CollectionTestController.swift; sourceTree = "<group>"; };
		CE81EA3420AF185700A8E11B /* StackViewTestController.swift */ = {isa = PBXFileReference; lastKnownFileType = sourcecode.swift; path = StackViewTestController.swift; sourceTree = "<group>"; };
		CE81EA3620AF32DC00A8E11B /* ScrollViewTestController.swift */ = {isa = PBXFileReference; lastKnownFileType = sourcecode.swift; path = ScrollViewTestController.swift; sourceTree = "<group>"; };
		CE9D094820B7146400DDA315 /* NavigationBarTestController.swift */ = {isa = PBXFileReference; lastKnownFileType = sourcecode.swift; path = NavigationBarTestController.swift; sourceTree = "<group>"; };
		CE9D094A20B83FFB00DDA315 /* SearchBarTestController.swift */ = {isa = PBXFileReference; lastKnownFileType = sourcecode.swift; path = SearchBarTestController.swift; sourceTree = "<group>"; };
		CE9D094C20B85E9F00DDA315 /* TabbarTestController.swift */ = {isa = PBXFileReference; lastKnownFileType = sourcecode.swift; path = TabbarTestController.swift; sourceTree = "<group>"; };
		CEAAD23D20B4644A007E12AA /* LabelTextFieldTestController.swift */ = {isa = PBXFileReference; lastKnownFileType = sourcecode.swift; path = LabelTextFieldTestController.swift; sourceTree = "<group>"; };
		CEAE90BB20ABBECA00A42A34 /* HelloWorld.app */ = {isa = PBXFileReference; explicitFileType = wrapper.application; includeInIndex = 0; path = HelloWorld.app; sourceTree = BUILT_PRODUCTS_DIR; };
		CEAE90BE20ABBECA00A42A34 /* AppDelegate.swift */ = {isa = PBXFileReference; lastKnownFileType = sourcecode.swift; path = AppDelegate.swift; sourceTree = "<group>"; };
		CEAE90C020ABBECA00A42A34 /* TableViewController.swift */ = {isa = PBXFileReference; lastKnownFileType = sourcecode.swift; path = TableViewController.swift; sourceTree = "<group>"; };
		CEAE90C320ABBECA00A42A34 /* Base */ = {isa = PBXFileReference; lastKnownFileType = file.storyboard; name = Base; path = Base.lproj/Main.storyboard; sourceTree = "<group>"; };
		CEAE90C520ABBECC00A42A34 /* Assets.xcassets */ = {isa = PBXFileReference; lastKnownFileType = folder.assetcatalog; path = Assets.xcassets; sourceTree = "<group>"; };
		CEAE90C820ABBECC00A42A34 /* Base */ = {isa = PBXFileReference; lastKnownFileType = file.storyboard; name = Base; path = Base.lproj/LaunchScreen.storyboard; sourceTree = "<group>"; };
		CEAE90CA20ABBECC00A42A34 /* Info.plist */ = {isa = PBXFileReference; lastKnownFileType = text.plist.xml; path = Info.plist; sourceTree = "<group>"; };
/* End PBXFileReference section */

/* Begin PBXFrameworksBuildPhase section */
		CEAE90B820ABBECA00A42A34 /* Frameworks */ = {
			isa = PBXFrameworksBuildPhase;
			buildActionMask = 2147483647;
			files = (
				F9C562ABDBEFA5D2B2E66A76 /* Pods_HelloWorld.framework in Frameworks */,
			);
			runOnlyForDeploymentPostprocessing = 0;
		};
/* End PBXFrameworksBuildPhase section */

/* Begin PBXGroup section */
		04CAD0F054D937D98D555B04 /* Frameworks */ = {
			isa = PBXGroup;
			children = (
				596F066F1F19B6964557A937 /* Pods_HelloWorld.framework */,
			);
			name = Frameworks;
			sourceTree = "<group>";
		};
		CE4D6ADE20AC5FBB0027691D /* extension */ = {
			isa = PBXGroup;
			children = (
				CE4D6ADF20AC5FE20027691D /* UIImageVIewExtension.swift */,
				CE5A577020B5016F0034D973 /* NSLineBreakModeExtension.swift */,
			);
			path = extension;
			sourceTree = "<group>";
		};
		CE4D6AE120ADA1AC0027691D /* scene */ = {
			isa = PBXGroup;
			children = (
				CE81EA2920ADAA9B00A8E11B /* Scenes.swift */,
				CEAE90C020ABBECA00A42A34 /* TableViewController.swift */,
				CE81EA3220AEFC3500A8E11B /* CollectionTestController.swift */,
				CE81EA3420AF185700A8E11B /* StackViewTestController.swift */,
				CE81EA3620AF32DC00A8E11B /* ScrollViewTestController.swift */,
				CE4191FB20B451A50039BD7E /* WebkitViewTestController.swift */,
				CEAAD23D20B4644A007E12AA /* LabelTextFieldTestController.swift */,
				CE9D094820B7146400DDA315 /* NavigationBarTestController.swift */,
				CE9D094A20B83FFB00DDA315 /* SearchBarTestController.swift */,
				CE9D094C20B85E9F00DDA315 /* TabbarTestController.swift */,
			);
			path = scene;
			sourceTree = "<group>";
		};
		CE81EA2B20AE63F400A8E11B /* view */ = {
			isa = PBXGroup;
			children = (
				CE4D6AD920AC356B0027691D /* RowItem.swift */,
				CE81EA2C20AE676200A8E11B /* CollectionCellLabelItem.swift */,
				CE81EA2E20AE68B500A8E11B /* CollectionCellImageItem.swift */,
			);
			path = view;
			sourceTree = "<group>";
		};
		CEAE90B220ABBECA00A42A34 = {
			isa = PBXGroup;
			children = (
				CEAE90BD20ABBECA00A42A34 /* HelloWorld */,
				CEAE90BC20ABBECA00A42A34 /* Products */,
				F82B84698AF4F355A44E6195 /* Pods */,
				04CAD0F054D937D98D555B04 /* Frameworks */,
			);
			sourceTree = "<group>";
		};
		CEAE90BC20ABBECA00A42A34 /* Products */ = {
			isa = PBXGroup;
			children = (
				CEAE90BB20ABBECA00A42A34 /* HelloWorld.app */,
			);
			name = Products;
			sourceTree = "<group>";
		};
		CEAE90BD20ABBECA00A42A34 /* HelloWorld */ = {
			isa = PBXGroup;
			children = (
				CE81EA2B20AE63F400A8E11B /* view */,
				CE4D6AE120ADA1AC0027691D /* scene */,
				CE4D6ADE20AC5FBB0027691D /* extension */,
				CEAE90BE20ABBECA00A42A34 /* AppDelegate.swift */,
				CEAE90C220ABBECA00A42A34 /* Main.storyboard */,
				CEAE90C520ABBECC00A42A34 /* Assets.xcassets */,
				CEAE90C720ABBECC00A42A34 /* LaunchScreen.storyboard */,
				CEAE90CA20ABBECC00A42A34 /* Info.plist */,
			);
			path = HelloWorld;
			sourceTree = "<group>";
		};
		F82B84698AF4F355A44E6195 /* Pods */ = {
			isa = PBXGroup;
			children = (
				7E17A1353EA441A142ADECB7 /* Pods-HelloWorld.debug.xcconfig */,
				4FC7963572D32872F268174C /* Pods-HelloWorld.release.xcconfig */,
			);
			name = Pods;
			sourceTree = "<group>";
		};
/* End PBXGroup section */

/* Begin PBXNativeTarget section */
		CEAE90BA20ABBECA00A42A34 /* HelloWorld */ = {
			isa = PBXNativeTarget;
			buildConfigurationList = CEAE90CD20ABBECC00A42A34 /* Build configuration list for PBXNativeTarget "HelloWorld" */;
			buildPhases = (
				A4FC51E0A92095AD11493374 /* [CP] Check Pods Manifest.lock */,
				CEAE90B720ABBECA00A42A34 /* Sources */,
				CEAE90B820ABBECA00A42A34 /* Frameworks */,
				CEAE90B920ABBECA00A42A34 /* Resources */,
				4F5D1C1E50E459A82E1D2691 /* [CP] Embed Pods Frameworks */,
			);
			buildRules = (
			);
			dependencies = (
			);
			name = HelloWorld;
			productName = HelloWorld;
			productReference = CEAE90BB20ABBECA00A42A34 /* HelloWorld.app */;
			productType = "com.apple.product-type.application";
		};
/* End PBXNativeTarget section */

/* Begin PBXProject section */
		CEAE90B320ABBECA00A42A34 /* Project object */ = {
			isa = PBXProject;
			attributes = {
				LastSwiftUpdateCheck = 0930;
				LastUpgradeCheck = 0930;
				ORGANIZATIONNAME = Min;
				TargetAttributes = {
					CEAE90BA20ABBECA00A42A34 = {
						CreatedOnToolsVersion = 9.3;
					};
				};
			};
			buildConfigurationList = CEAE90B620ABBECA00A42A34 /* Build configuration list for PBXProject "HelloWorld" */;
			compatibilityVersion = "Xcode 9.3";
			developmentRegion = en;
			hasScannedForEncodings = 0;
			knownRegions = (
				en,
				Base,
			);
			mainGroup = CEAE90B220ABBECA00A42A34;
			productRefGroup = CEAE90BC20ABBECA00A42A34 /* Products */;
			projectDirPath = "";
			projectRoot = "";
			targets = (
				CEAE90BA20ABBECA00A42A34 /* HelloWorld */,
			);
		};
/* End PBXProject section */

/* Begin PBXResourcesBuildPhase section */
		CEAE90B920ABBECA00A42A34 /* Resources */ = {
			isa = PBXResourcesBuildPhase;
			buildActionMask = 2147483647;
			files = (
				CEAE90C920ABBECC00A42A34 /* LaunchScreen.storyboard in Resources */,
				CEAE90C620ABBECC00A42A34 /* Assets.xcassets in Resources */,
				CEAE90C420ABBECA00A42A34 /* Main.storyboard in Resources */,
			);
			runOnlyForDeploymentPostprocessing = 0;
		};
/* End PBXResourcesBuildPhase section */

/* Begin PBXShellScriptBuildPhase section */
		4F5D1C1E50E459A82E1D2691 /* [CP] Embed Pods Frameworks */ = {
			isa = PBXShellScriptBuildPhase;
			buildActionMask = 2147483647;
			files = (
			);
			inputPaths = (
				"${SRCROOT}/Pods/Target Support Files/Pods-HelloWorld/Pods-HelloWorld-frameworks.sh",
				"${BUILT_PRODUCTS_DIR}/Kingfisher/Kingfisher.framework",
			);
			name = "[CP] Embed Pods Frameworks";
			outputPaths = (
				"${TARGET_BUILD_DIR}/${FRAMEWORKS_FOLDER_PATH}/Kingfisher.framework",
			);
			runOnlyForDeploymentPostprocessing = 0;
			shellPath = /bin/sh;
			shellScript = "\"${SRCROOT}/Pods/Target Support Files/Pods-HelloWorld/Pods-HelloWorld-frameworks.sh\"\n";
			showEnvVarsInLog = 0;
		};
		A4FC51E0A92095AD11493374 /* [CP] Check Pods Manifest.lock */ = {
			isa = PBXShellScriptBuildPhase;
			buildActionMask = 2147483647;
			files = (
			);
			inputPaths = (
				"${PODS_PODFILE_DIR_PATH}/Podfile.lock",
				"${PODS_ROOT}/Manifest.lock",
			);
			name = "[CP] Check Pods Manifest.lock";
			outputPaths = (
				"$(DERIVED_FILE_DIR)/Pods-HelloWorld-checkManifestLockResult.txt",
			);
			runOnlyForDeploymentPostprocessing = 0;
			shellPath = /bin/sh;
			shellScript = "diff \"${PODS_PODFILE_DIR_PATH}/Podfile.lock\" \"${PODS_ROOT}/Manifest.lock\" > /dev/null\nif [ $? != 0 ] ; then\n    # print error to STDERR\n    echo \"error: The sandbox is not in sync with the Podfile.lock. Run 'pod install' or update your CocoaPods installation.\" >&2\n    exit 1\nfi\n# This output is used by Xcode 'outputs' to avoid re-running this script phase.\necho \"SUCCESS\" > \"${SCRIPT_OUTPUT_FILE_0}\"\n";
			showEnvVarsInLog = 0;
		};
/* End PBXShellScriptBuildPhase section */

/* Begin PBXSourcesBuildPhase section */
		CEAE90B720ABBECA00A42A34 /* Sources */ = {
			isa = PBXSourcesBuildPhase;
			buildActionMask = 2147483647;
			files = (
				CEAE90C120ABBECA00A42A34 /* TableViewController.swift in Sources */,
				CE81EA3720AF32DC00A8E11B /* ScrollViewTestController.swift in Sources */,
				CE81EA3320AEFC3500A8E11B /* CollectionTestController.swift in Sources */,
				CE81EA3520AF185700A8E11B /* StackViewTestController.swift in Sources */,
				CE4191FC20B451A50039BD7E /* WebkitViewTestController.swift in Sources */,
				CE9D094D20B85E9F00DDA315 /* TabbarTestController.swift in Sources */,
				CEAE90BF20ABBECA00A42A34 /* AppDelegate.swift in Sources */,
				CE9D094B20B83FFB00DDA315 /* SearchBarTestController.swift in Sources */,
				CE81EA2A20ADAA9B00A8E11B /* Scenes.swift in Sources */,
				CE4D6AE020AC5FE20027691D /* UIImageVIewExtension.swift in Sources */,
				CE81EA2D20AE676200A8E11B /* CollectionCellLabelItem.swift in Sources */,
				CE9D094920B7146400DDA315 /* NavigationBarTestController.swift in Sources */,
				CE81EA2F20AE68B500A8E11B /* CollectionCellImageItem.swift in Sources */,
				CE5A577120B5016F0034D973 /* NSLineBreakModeExtension.swift in Sources */,
				CEAAD23E20B4644A007E12AA /* LabelTextFieldTestController.swift in Sources */,
				CE4D6ADA20AC356B0027691D /* RowItem.swift in Sources */,
			);
			runOnlyForDeploymentPostprocessing = 0;
		};
/* End PBXSourcesBuildPhase section */

/* Begin PBXVariantGroup section */
		CEAE90C220ABBECA00A42A34 /* Main.storyboard */ = {
			isa = PBXVariantGroup;
			children = (
				CEAE90C320ABBECA00A42A34 /* Base */,
			);
			name = Main.storyboard;
			sourceTree = "<group>";
		};
		CEAE90C720ABBECC00A42A34 /* LaunchScreen.storyboard */ = {
			isa = PBXVariantGroup;
			children = (
				CEAE90C820ABBECC00A42A34 /* Base */,
			);
			name = LaunchScreen.storyboard;
			sourceTree = "<group>";
		};
/* End PBXVariantGroup section */

/* Begin XCBuildConfiguration section */
		CEAE90CB20ABBECC00A42A34 /* Debug */ = {
			isa = XCBuildConfiguration;
			buildSettings = {
				ALWAYS_SEARCH_USER_PATHS = NO;
				CLANG_ANALYZER_NONNULL = YES;
				CLANG_ANALYZER_NUMBER_OBJECT_CONVERSION = YES_AGGRESSIVE;
				CLANG_CXX_LANGUAGE_STANDARD = "gnu++14";
				CLANG_CXX_LIBRARY = "libc++";
				CLANG_ENABLE_MODULES = YES;
				CLANG_ENABLE_OBJC_ARC = YES;
				CLANG_ENABLE_OBJC_WEAK = YES;
				CLANG_WARN_BLOCK_CAPTURE_AUTORELEASING = YES;
				CLANG_WARN_BOOL_CONVERSION = YES;
				CLANG_WARN_COMMA = YES;
				CLANG_WARN_CONSTANT_CONVERSION = YES;
				CLANG_WARN_DEPRECATED_OBJC_IMPLEMENTATIONS = YES;
				CLANG_WARN_DIRECT_OBJC_ISA_USAGE = YES_ERROR;
				CLANG_WARN_DOCUMENTATION_COMMENTS = YES;
				CLANG_WARN_EMPTY_BODY = YES;
				CLANG_WARN_ENUM_CONVERSION = YES;
				CLANG_WARN_INFINITE_RECURSION = YES;
				CLANG_WARN_INT_CONVERSION = YES;
				CLANG_WARN_NON_LITERAL_NULL_CONVERSION = YES;
				CLANG_WARN_OBJC_IMPLICIT_RETAIN_SELF = YES;
				CLANG_WARN_OBJC_LITERAL_CONVERSION = YES;
				CLANG_WARN_OBJC_ROOT_CLASS = YES_ERROR;
				CLANG_WARN_RANGE_LOOP_ANALYSIS = YES;
				CLANG_WARN_STRICT_PROTOTYPES = YES;
				CLANG_WARN_SUSPICIOUS_MOVE = YES;
				CLANG_WARN_UNGUARDED_AVAILABILITY = YES_AGGRESSIVE;
				CLANG_WARN_UNREACHABLE_CODE = YES;
				CLANG_WARN__DUPLICATE_METHOD_MATCH = YES;
				CODE_SIGN_IDENTITY = "iPhone Developer";
				COPY_PHASE_STRIP = NO;
				DEBUG_INFORMATION_FORMAT = dwarf;
				ENABLE_STRICT_OBJC_MSGSEND = YES;
				ENABLE_TESTABILITY = YES;
				GCC_C_LANGUAGE_STANDARD = gnu11;
				GCC_DYNAMIC_NO_PIC = NO;
				GCC_NO_COMMON_BLOCKS = YES;
				GCC_OPTIMIZATION_LEVEL = 0;
				GCC_PREPROCESSOR_DEFINITIONS = (
					"DEBUG=1",
					"$(inherited)",
				);
				GCC_WARN_64_TO_32_BIT_CONVERSION = YES;
				GCC_WARN_ABOUT_RETURN_TYPE = YES_ERROR;
				GCC_WARN_UNDECLARED_SELECTOR = YES;
				GCC_WARN_UNINITIALIZED_AUTOS = YES_AGGRESSIVE;
				GCC_WARN_UNUSED_FUNCTION = YES;
				GCC_WARN_UNUSED_VARIABLE = YES;
				IPHONEOS_DEPLOYMENT_TARGET = 11.3;
				MTL_ENABLE_DEBUG_INFO = YES;
				ONLY_ACTIVE_ARCH = YES;
				SDKROOT = iphoneos;
				SWIFT_ACTIVE_COMPILATION_CONDITIONS = DEBUG;
				SWIFT_OPTIMIZATION_LEVEL = "-Onone";
			};
			name = Debug;
		};
		CEAE90CC20ABBECC00A42A34 /* Release */ = {
			isa = XCBuildConfiguration;
			buildSettings = {
				ALWAYS_SEARCH_USER_PATHS = NO;
				CLANG_ANALYZER_NONNULL = YES;
				CLANG_ANALYZER_NUMBER_OBJECT_CONVERSION = YES_AGGRESSIVE;
				CLANG_CXX_LANGUAGE_STANDARD = "gnu++14";
				CLANG_CXX_LIBRARY = "libc++";
				CLANG_ENABLE_MODULES = YES;
				CLANG_ENABLE_OBJC_ARC = YES;
				CLANG_ENABLE_OBJC_WEAK = YES;
				CLANG_WARN_BLOCK_CAPTURE_AUTORELEASING = YES;
				CLANG_WARN_BOOL_CONVERSION = YES;
				CLANG_WARN_COMMA = YES;
				CLANG_WARN_CONSTANT_CONVERSION = YES;
				CLANG_WARN_DEPRECATED_OBJC_IMPLEMENTATIONS = YES;
				CLANG_WARN_DIRECT_OBJC_ISA_USAGE = YES_ERROR;
				CLANG_WARN_DOCUMENTATION_COMMENTS = YES;
				CLANG_WARN_EMPTY_BODY = YES;
				CLANG_WARN_ENUM_CONVERSION = YES;
				CLANG_WARN_INFINITE_RECURSION = YES;
				CLANG_WARN_INT_CONVERSION = YES;
				CLANG_WARN_NON_LITERAL_NULL_CONVERSION = YES;
				CLANG_WARN_OBJC_IMPLICIT_RETAIN_SELF = YES;
				CLANG_WARN_OBJC_LITERAL_CONVERSION = YES;
				CLANG_WARN_OBJC_ROOT_CLASS = YES_ERROR;
				CLANG_WARN_RANGE_LOOP_ANALYSIS = YES;
				CLANG_WARN_STRICT_PROTOTYPES = YES;
				CLANG_WARN_SUSPICIOUS_MOVE = YES;
				CLANG_WARN_UNGUARDED_AVAILABILITY = YES_AGGRESSIVE;
				CLANG_WARN_UNREACHABLE_CODE = YES;
				CLANG_WARN__DUPLICATE_METHOD_MATCH = YES;
				CODE_SIGN_IDENTITY = "iPhone Developer";
				COPY_PHASE_STRIP = NO;
				DEBUG_INFORMATION_FORMAT = "dwarf-with-dsym";
				ENABLE_NS_ASSERTIONS = NO;
				ENABLE_STRICT_OBJC_MSGSEND = YES;
				GCC_C_LANGUAGE_STANDARD = gnu11;
				GCC_NO_COMMON_BLOCKS = YES;
				GCC_WARN_64_TO_32_BIT_CONVERSION = YES;
				GCC_WARN_ABOUT_RETURN_TYPE = YES_ERROR;
				GCC_WARN_UNDECLARED_SELECTOR = YES;
				GCC_WARN_UNINITIALIZED_AUTOS = YES_AGGRESSIVE;
				GCC_WARN_UNUSED_FUNCTION = YES;
				GCC_WARN_UNUSED_VARIABLE = YES;
				IPHONEOS_DEPLOYMENT_TARGET = 11.3;
				MTL_ENABLE_DEBUG_INFO = NO;
				SDKROOT = iphoneos;
				SWIFT_COMPILATION_MODE = wholemodule;
				SWIFT_OPTIMIZATION_LEVEL = "-O";
				VALIDATE_PRODUCT = YES;
			};
			name = Release;
		};
		CEAE90CE20ABBECC00A42A34 /* Debug */ = {
			isa = XCBuildConfiguration;
			baseConfigurationReference = 7E17A1353EA441A142ADECB7 /* Pods-HelloWorld.debug.xcconfig */;
			buildSettings = {
				ASSETCATALOG_COMPILER_APPICON_NAME = AppIcon;
				CODE_SIGN_IDENTITY = "iPhone Developer";
				CODE_SIGN_STYLE = Manual;
				DEVELOPMENT_TEAM = "";
				INFOPLIST_FILE = HelloWorld/Info.plist;
				IPHONEOS_DEPLOYMENT_TARGET = 9.3;
				LD_RUNPATH_SEARCH_PATHS = (
					"$(inherited)",
					"@executable_path/Frameworks",
				);
				PRODUCT_BUNDLE_IDENTIFIER = min.study.HelloWorld;
				PRODUCT_NAME = "$(TARGET_NAME)";
				PROVISIONING_PROFILE_SPECIFIER = "";
				SWIFT_VERSION = 4.0;
				TARGETED_DEVICE_FAMILY = "1,2";
			};
			name = Debug;
		};
		CEAE90CF20ABBECC00A42A34 /* Release */ = {
			isa = XCBuildConfiguration;
			baseConfigurationReference = 4FC7963572D32872F268174C /* Pods-HelloWorld.release.xcconfig */;
			buildSettings = {
				ASSETCATALOG_COMPILER_APPICON_NAME = AppIcon;
				CODE_SIGN_IDENTITY = "iPhone Developer";
				CODE_SIGN_STYLE = Manual;
				DEVELOPMENT_TEAM = "";
				INFOPLIST_FILE = HelloWorld/Info.plist;
				IPHONEOS_DEPLOYMENT_TARGET = 9.3;
				LD_RUNPATH_SEARCH_PATHS = (
					"$(inherited)",
					"@executable_path/Frameworks",
				);
				PRODUCT_BUNDLE_IDENTIFIER = min.study.HelloWorld;
				PRODUCT_NAME = "$(TARGET_NAME)";
				PROVISIONING_PROFILE_SPECIFIER = "";
				SWIFT_VERSION = 4.0;
				TARGETED_DEVICE_FAMILY = "1,2";
			};
			name = Release;
		};
/* End XCBuildConfiguration section */

/* Begin XCConfigurationList section */
		CEAE90B620ABBECA00A42A34 /* Build configuration list for PBXProject "HelloWorld" */ = {
			isa = XCConfigurationList;
			buildConfigurations = (
				CEAE90CB20ABBECC00A42A34 /* Debug */,
				CEAE90CC20ABBECC00A42A34 /* Release */,
			);
			defaultConfigurationIsVisible = 0;
			defaultConfigurationName = Release;
		};
		CEAE90CD20ABBECC00A42A34 /* Build configuration list for PBXNativeTarget "HelloWorld" */ = {
			isa = XCConfigurationList;
			buildConfigurations = (
				CEAE90CE20ABBECC00A42A34 /* Debug */,
				CEAE90CF20ABBECC00A42A34 /* Release */,
			);
			defaultConfigurationIsVisible = 0;
			defaultConfigurationName = Release;
		};
/* End XCConfigurationList section */
	};
	rootObject = CEAE90B320ABBECA00A42A34 /* Project object */;
}
